
Microsoft Visual Studio Solution File, Format Version 12.00
Project("{FAE04EC0-301F-11D3-BF4B-00C04F79EFBC}") = "Koshelek.Ru.Backend.API", "Koshelek.Ru.Backend.API\Koshelek.Ru.Backend.API.csproj", "{6BCD87A7-C5AB-472C-91A9-732F01C95F45}"
EndProject
Project("{FAE04EC0-301F-11D3-BF4B-00C04F79EFBC}") = "Koshelek.Ru.Backend.DAL", "Koshelek.Ru.Backend.DAL\Koshelek.Ru.Backend.DAL.csproj", "{87063028-DED9-4B42-8C7D-8A0C6E229ECE}"
EndProject
Project("{FAE04EC0-301F-11D3-BF4B-00C04F79EFBC}") = "Koshelek.Ru.Backend.Models", "Koshelek.Ru.Backend.Models\Koshelek.Ru.Backend.Models.csproj", "{A83144C3-0A59-4647-86E4-11BF6A7236FD}"
EndProject
Project("{FAE04EC0-301F-11D3-BF4B-00C04F79EFBC}") = "Koshelek.Ru.Backend.Application", "Koshelek.Ru.Backend.Application\Koshelek.Ru.Backend.Application.csproj", "{1E2227B3-FDA7-42BC-85F9-D936EB2A110A}"
EndProject
Global
	GlobalSection(SolutionConfigurationPlatforms) = preSolution
		Debug|Any CPU = Debug|Any CPU
		Release|Any CPU = Release|Any CPU
	EndGlobalSection
	GlobalSection(ProjectConfigurationPlatforms) = postSolution
		{6BCD87A7-C5AB-472C-91A9-732F01C95F45}.Debug|Any CPU.ActiveCfg = Debug|Any CPU
		{6BCD87A7-C5AB-472C-91A9-732F01C95F45}.Debug|Any CPU.Build.0 = Debug|Any CPU
		{6BCD87A7-C5AB-472C-91A9-732F01C95F45}.Release|Any CPU.ActiveCfg = Release|Any CPU
		{6BCD87A7-C5AB-472C-91A9-732F01C95F45}.Release|Any CPU.Build.0 = Release|Any CPU
		{87063028-DED9-4B42-8C7D-8A0C6E229ECE}.Debug|Any CPU.ActiveCfg = Debug|Any CPU
		{87063028-DED9-4B42-8C7D-8A0C6E229ECE}.Debug|Any CPU.Build.0 = Debug|Any CPU
		{87063028-DED9-4B42-8C7D-8A0C6E229ECE}.Release|Any CPU.ActiveCfg = Release|Any CPU
		{87063028-DED9-4B42-8C7D-8A0C6E229ECE}.Release|Any CPU.Build.0 = Release|Any CPU
		{A83144C3-0A59-4647-86E4-11BF6A7236FD}.Debug|Any CPU.ActiveCfg = Debug|Any CPU
		{A83144C3-0A59-4647-86E4-11BF6A7236FD}.Debug|Any CPU.Build.0 = Debug|Any CPU
		{A83144C3-0A59-4647-86E4-11BF6A7236FD}.Release|Any CPU.ActiveCfg = Release|Any CPU
		{A83144C3-0A59-4647-86E4-11BF6A7236FD}.Release|Any CPU.Build.0 = Release|Any CPU
		{1E2227B3-FDA7-42BC-85F9-D936EB2A110A}.Debug|Any CPU.ActiveCfg = Debug|Any CPU
		{1E2227B3-FDA7-42BC-85F9-D936EB2A110A}.Debug|Any CPU.Build.0 = Debug|Any CPU
		{1E2227B3-FDA7-42BC-85F9-D936EB2A110A}.Release|Any CPU.ActiveCfg = Release|Any CPU
		{1E2227B3-FDA7-42BC-85F9-D936EB2A110A}.Release|Any CPU.Build.0 = Release|Any CPU
	EndGlobalSection
EndGlobal
